
Microsoft Visual Studio Solution File, Format Version 11.00
# Visual Studio 2010
Project("{FAE04EC0-301F-11D3-BF4B-00C04F79EFBC}") = "Querite.Tests", "Querite.Tests\Querite.Tests.csproj", "{1F1D336D-3BA7-4CD3-81FD-1DF6B01383ED}"
EndProject
Project("{FAE04EC0-301F-11D3-BF4B-00C04F79EFBC}") = "Querite", "Querite\Querite.csproj", "{28835798-79C6-41A3-B461-404C50C85A7E}"
EndProject
Global
	GlobalSection(SolutionConfigurationPlatforms) = preSolution
		Debug|Any CPU = Debug|Any CPU
		Release|Any CPU = Release|Any CPU
	EndGlobalSection
	GlobalSection(ProjectConfigurationPlatforms) = postSolution
		{1F1D336D-3BA7-4CD3-81FD-1DF6B01383ED}.Debug|Any CPU.ActiveCfg = Debug|Any CPU
		{1F1D336D-3BA7-4CD3-81FD-1DF6B01383ED}.Debug|Any CPU.Build.0 = Debug|Any CPU
		{1F1D336D-3BA7-4CD3-81FD-1DF6B01383ED}.Release|Any CPU.ActiveCfg = Release|Any CPU
		{1F1D336D-3BA7-4CD3-81FD-1DF6B01383ED}.Release|Any CPU.Build.0 = Release|Any CPU
		{28835798-79C6-41A3-B461-404C50C85A7E}.Debug|Any CPU.ActiveCfg = Debug|Any CPU
		{28835798-79C6-41A3-B461-404C50C85A7E}.Debug|Any CPU.Build.0 = Debug|Any CPU
		{28835798-79C6-41A3-B461-404C50C85A7E}.Release|Any CPU.ActiveCfg = Release|Any CPU
		{28835798-79C6-41A3-B461-404C50C85A7E}.Release|Any CPU.Build.0 = Release|Any CPU
	EndGlobalSection
	GlobalSection(SolutionProperties) = preSolution
		HideSolutionNode = FALSE
	EndGlobalSection
EndGlobal
